
Microsoft Visual Studio Solution File, Format Version 12.00
# Visual Studio Version 16
VisualStudioVersion = 16.0.31911.196
MinimumVisualStudioVersion = 10.0.40219.1
Project("{FAE04EC0-301F-11D3-BF4B-00C04F79EFBC}") = "Union13_2", "Union13_2\Union13_2.csproj", "{DC087092-E4AC-47C6-B61E-EC004545BF70}"
EndProject
Global
	GlobalSection(SolutionConfigurationPlatforms) = preSolution
		Debug|Any CPU = Debug|Any CPU
		Release|Any CPU = Release|Any CPU
	EndGlobalSection
	GlobalSection(ProjectConfigurationPlatforms) = postSolution
		{DC087092-E4AC-47C6-B61E-EC004545BF70}.Debug|Any CPU.ActiveCfg = Debug|Any CPU
		{DC087092-E4AC-47C6-B61E-EC004545BF70}.Debug|Any CPU.Build.0 = Debug|Any CPU
		{DC087092-E4AC-47C6-B61E-EC004545BF70}.Release|Any CPU.ActiveCfg = Release|Any CPU
		{DC087092-E4AC-47C6-B61E-EC004545BF70}.Release|Any CPU.Build.0 = Release|Any CPU
	EndGlobalSection
	GlobalSection(SolutionProperties) = preSolution
		HideSolutionNode = FALSE
	EndGlobalSection
	GlobalSection(ExtensibilityGlobals) = postSolution
		SolutionGuid = {38C2FA24-576B-4FCA-991C-01789A6A4D89}
	EndGlobalSection
EndGlobal
